
Microsoft Visual Studio Solution File, Format Version 12.00
# Visual Studio 15
VisualStudioVersion = 15.0.28307.705
MinimumVisualStudioVersion = 10.0.40219.1
Project("{2150E333-8FDC-42A3-9474-1A3956D46DE8}") = "html", "html", "{A2CD76B2-9132-474B-A533-0F7920129B16}"
	ProjectSection(SolutionItems) = preProject
		..\html\计算机网络复习题.html = ..\html\计算机网络复习题.html
		..\html\计算机网络知识点.html = ..\html\计算机网络知识点.html
	EndProjectSection
EndProject
Global
	GlobalSection(SolutionProperties) = preSolution
		HideSolutionNode = FALSE
	EndGlobalSection
	GlobalSection(ExtensibilityGlobals) = postSolution
		SolutionGuid = {FFF59909-F787-4C96-9071-102BF05B17C3}
	EndGlobalSection
EndGlobal
